// !$*UTF8*$!
{
	archiveVersion = 1;
	classes = {
	};
	objectVersion = 56;
	objects = {

/* Begin PBXBuildFile section */
		2106ADAD2B92D6A000CDA462 /* AppDelegate.swift in Sources */ = {isa = PBXBuildFile; fileRef = 2106ADAC2B92D6A000CDA462 /* AppDelegate.swift */; };
		2106ADAF2B92D6A000CDA462 /* SceneDelegate.swift in Sources */ = {isa = PBXBuildFile; fileRef = 2106ADAE2B92D6A000CDA462 /* SceneDelegate.swift */; };
		2106ADB12B92D6A000CDA462 /* ViewController.swift in Sources */ = {isa = PBXBuildFile; fileRef = 2106ADB02B92D6A000CDA462 /* ViewController.swift */; };
		2106ADB42B92D6A000CDA462 /* Main.storyboard in Resources */ = {isa = PBXBuildFile; fileRef = 2106ADB22B92D6A000CDA462 /* Main.storyboard */; };
		2106ADB62B92D6A200CDA462 /* Assets.xcassets in Resources */ = {isa = PBXBuildFile; fileRef = 2106ADB52B92D6A200CDA462 /* Assets.xcassets */; };
		2106ADB92B92D6A200CDA462 /* LaunchScreen.storyboard in Resources */ = {isa = PBXBuildFile; fileRef = 2106ADB72B92D6A200CDA462 /* LaunchScreen.storyboard */; };
		217651512B94738800121AB2 /* PARD_DesignSystem in Frameworks */ = {isa = PBXBuildFile; productRef = 217651502B94738800121AB2 /* PARD_DesignSystem */; };
/* End PBXBuildFile section */

/* Begin PBXFileReference section */
		2106ADA92B92D6A000CDA462 /* PARD.app */ = {isa = PBXFileReference; explicitFileType = wrapper.application; includeInIndex = 0; path = PARD.app; sourceTree = BUILT_PRODUCTS_DIR; };
		2106ADAC2B92D6A000CDA462 /* AppDelegate.swift */ = {isa = PBXFileReference; lastKnownFileType = sourcecode.swift; path = AppDelegate.swift; sourceTree = "<group>"; };
		2106ADAE2B92D6A000CDA462 /* SceneDelegate.swift */ = {isa = PBXFileReference; lastKnownFileType = sourcecode.swift; path = SceneDelegate.swift; sourceTree = "<group>"; };
		2106ADB02B92D6A000CDA462 /* ViewController.swift */ = {isa = PBXFileReference; lastKnownFileType = sourcecode.swift; path = ViewController.swift; sourceTree = "<group>"; };
		2106ADB32B92D6A000CDA462 /* Base */ = {isa = PBXFileReference; lastKnownFileType = file.storyboard; name = Base; path = Base.lproj/Main.storyboard; sourceTree = "<group>"; };
		2106ADB52B92D6A200CDA462 /* Assets.xcassets */ = {isa = PBXFileReference; lastKnownFileType = folder.assetcatalog; path = Assets.xcassets; sourceTree = "<group>"; };
		2106ADB82B92D6A200CDA462 /* Base */ = {isa = PBXFileReference; lastKnownFileType = file.storyboard; name = Base; path = Base.lproj/LaunchScreen.storyboard; sourceTree = "<group>"; };
		2106ADBA2B92D6A200CDA462 /* Info.plist */ = {isa = PBXFileReference; lastKnownFileType = text.plist.xml; path = Info.plist; sourceTree = "<group>"; };
/* End PBXFileReference section */

/* Begin PBXFrameworksBuildPhase section */
		2106ADA62B92D6A000CDA462 /* Frameworks */ = {
			isa = PBXFrameworksBuildPhase;
			buildActionMask = 2147483647;
			files = (
				217651512B94738800121AB2 /* PARD_DesignSystem in Frameworks */,
			);
			runOnlyForDeploymentPostprocessing = 0;
		};
/* End PBXFrameworksBuildPhase section */

/* Begin PBXGroup section */
		2106ADA02B92D6A000CDA462 = {
			isa = PBXGroup;
			children = (
				2106ADAB2B92D6A000CDA462 /* PARD */,
				2106ADAA2B92D6A000CDA462 /* Products */,
			);
			sourceTree = "<group>";
		};
		2106ADAA2B92D6A000CDA462 /* Products */ = {
			isa = PBXGroup;
			children = (
				2106ADA92B92D6A000CDA462 /* PARD.app */,
			);
			name = Products;
			sourceTree = "<group>";
		};
		2106ADAB2B92D6A000CDA462 /* PARD */ = {
			isa = PBXGroup;
			children = (
				2106ADAC2B92D6A000CDA462 /* AppDelegate.swift */,
				2106ADAE2B92D6A000CDA462 /* SceneDelegate.swift */,
				2106ADB02B92D6A000CDA462 /* ViewController.swift */,
				2106ADB22B92D6A000CDA462 /* Main.storyboard */,
				2106ADB52B92D6A200CDA462 /* Assets.xcassets */,
				2106ADB72B92D6A200CDA462 /* LaunchScreen.storyboard */,
				2106ADBA2B92D6A200CDA462 /* Info.plist */,
			);
			path = PARD;
			sourceTree = "<group>";
		};
/* End PBXGroup section */

/* Begin PBXNativeTarget section */
		2106ADA82B92D6A000CDA462 /* PARD */ = {
			isa = PBXNativeTarget;
			buildConfigurationList = 2106ADBD2B92D6A200CDA462 /* Build configuration list for PBXNativeTarget "PARD" */;
			buildPhases = (
				2106ADA52B92D6A000CDA462 /* Sources */,
				2106ADA62B92D6A000CDA462 /* Frameworks */,
				2106ADA72B92D6A000CDA462 /* Resources */,
			);
			buildRules = (
			);
			dependencies = (
			);
			name = PARD;
			packageProductDependencies = (
				217651502B94738800121AB2 /* PARD_DesignSystem */,
			);
			productName = PARD;
			productReference = 2106ADA92B92D6A000CDA462 /* PARD.app */;
			productType = "com.apple.product-type.application";
		};
/* End PBXNativeTarget section */

/* Begin PBXProject section */
		2106ADA12B92D6A000CDA462 /* Project object */ = {
			isa = PBXProject;
			attributes = {
				BuildIndependentTargetsInParallel = 1;
				LastSwiftUpdateCheck = 1500;
				LastUpgradeCheck = 1500;
				TargetAttributes = {
					2106ADA82B92D6A000CDA462 = {
						CreatedOnToolsVersion = 15.0.1;
					};
				};
			};
			buildConfigurationList = 2106ADA42B92D6A000CDA462 /* Build configuration list for PBXProject "PARD" */;
			compatibilityVersion = "Xcode 14.0";
			developmentRegion = en;
			hasScannedForEncodings = 0;
			knownRegions = (
				en,
				Base,
			);
			mainGroup = 2106ADA02B92D6A000CDA462;
			packageReferences = (
				2176514F2B94738800121AB2 /* XCRemoteSwiftPackageReference "PARD_DesignSystem" */,
			);
			productRefGroup = 2106ADAA2B92D6A000CDA462 /* Products */;
			projectDirPath = "";
			projectRoot = "";
			targets = (
				2106ADA82B92D6A000CDA462 /* PARD */,
			);
		};
/* End PBXProject section */

/* Begin PBXResourcesBuildPhase section */
		2106ADA72B92D6A000CDA462 /* Resources */ = {
			isa = PBXResourcesBuildPhase;
			buildActionMask = 2147483647;
			files = (
				2106ADB92B92D6A200CDA462 /* LaunchScreen.storyboard in Resources */,
				2106ADB62B92D6A200CDA462 /* Assets.xcassets in Resources */,
				2106ADB42B92D6A000CDA462 /* Main.storyboard in Resources */,
			);
			runOnlyForDeploymentPostprocessing = 0;
		};
/* End PBXResourcesBuildPhase section */

/* Begin PBXSourcesBuildPhase section */
		2106ADA52B92D6A000CDA462 /* Sources */ = {
			isa = PBXSourcesBuildPhase;
			buildActionMask = 2147483647;
			files = (
				2106ADB12B92D6A000CDA462 /* ViewController.swift in Sources */,
				2106ADAD2B92D6A000CDA462 /* AppDelegate.swift in Sources */,
				2106ADAF2B92D6A000CDA462 /* SceneDelegate.swift in Sources */,
			);
			runOnlyForDeploymentPostprocessing = 0;
		};
/* End PBXSourcesBuildPhase section */

/* Begin PBXVariantGroup section */
		2106ADB22B92D6A000CDA462 /* Main.storyboard */ = {
			isa = PBXVariantGroup;
			children = (
				2106ADB32B92D6A000CDA462 /* Base */,
			);
			name = Main.storyboard;
			sourceTree = "<group>";
		};
		2106ADB72B92D6A200CDA462 /* LaunchScreen.storyboard */ = {
			isa = PBXVariantGroup;
			children = (
				2106ADB82B92D6A200CDA462 /* Base */,
			);
			name = LaunchScreen.storyboard;
			sourceTree = "<group>";
		};
/* End PBXVariantGroup section */

/* Begin XCBuildConfiguration section */
		2106ADBB2B92D6A200CDA462 /* Debug */ = {
			isa = XCBuildConfiguration;
			buildSettings = {
				ALWAYS_SEARCH_USER_PATHS = NO;
				ASSETCATALOG_COMPILER_GENERATE_SWIFT_ASSET_SYMBOL_EXTENSIONS = YES;
				CLANG_ANALYZER_NONNULL = YES;
				CLANG_ANALYZER_NUMBER_OBJECT_CONVERSION = YES_AGGRESSIVE;
				CLANG_CXX_LANGUAGE_STANDARD = "gnu++20";
				CLANG_ENABLE_MODULES = YES;
				CLANG_ENABLE_OBJC_ARC = YES;
				CLANG_ENABLE_OBJC_WEAK = YES;
				CLANG_WARN_BLOCK_CAPTURE_AUTORELEASING = YES;
				CLANG_WARN_BOOL_CONVERSION = YES;
				CLANG_WARN_COMMA = YES;
				CLANG_WARN_CONSTANT_CONVERSION = YES;
				CLANG_WARN_DEPRECATED_OBJC_IMPLEMENTATIONS = YES;
				CLANG_WARN_DIRECT_OBJC_ISA_USAGE = YES_ERROR;
				CLANG_WARN_DOCUMENTATION_COMMENTS = YES;
				CLANG_WARN_EMPTY_BODY = YES;
				CLANG_WARN_ENUM_CONVERSION = YES;
				CLANG_WARN_INFINITE_RECURSION = YES;
				CLANG_WARN_INT_CONVERSION = YES;
				CLANG_WARN_NON_LITERAL_NULL_CONVERSION = YES;
				CLANG_WARN_OBJC_IMPLICIT_RETAIN_SELF = YES;
				CLANG_WARN_OBJC_LITERAL_CONVERSION = YES;
				CLANG_WARN_OBJC_ROOT_CLASS = YES_ERROR;
				CLANG_WARN_QUOTED_INCLUDE_IN_FRAMEWORK_HEADER = YES;
				CLANG_WARN_RANGE_LOOP_ANALYSIS = YES;
				CLANG_WARN_STRICT_PROTOTYPES = YES;
				CLANG_WARN_SUSPICIOUS_MOVE = YES;
				CLANG_WARN_UNGUARDED_AVAILABILITY = YES_AGGRESSIVE;
				CLANG_WARN_UNREACHABLE_CODE = YES;
				CLANG_WARN__DUPLICATE_METHOD_MATCH = YES;
				COPY_PHASE_STRIP = NO;
				DEBUG_INFORMATION_FORMAT = dwarf;
				ENABLE_STRICT_OBJC_MSGSEND = YES;
				ENABLE_TESTABILITY = YES;
				ENABLE_USER_SCRIPT_SANDBOXING = YES;
				GCC_C_LANGUAGE_STANDARD = gnu17;
				GCC_DYNAMIC_NO_PIC = NO;
				GCC_NO_COMMON_BLOCKS = YES;
				GCC_OPTIMIZATION_LEVEL = 0;
				GCC_PREPROCESSOR_DEFINITIONS = (
					"DEBUG=1",
					"$(inherited)",
				);
				GCC_WARN_64_TO_32_BIT_CONVERSION = YES;
				GCC_WARN_ABOUT_RETURN_TYPE = YES_ERROR;
				GCC_WARN_UNDECLARED_SELECTOR = YES;
				GCC_WARN_UNINITIALIZED_AUTOS = YES_AGGRESSIVE;
				GCC_WARN_UNUSED_FUNCTION = YES;
				GCC_WARN_UNUSED_VARIABLE = YES;
				IPHONEOS_DEPLOYMENT_TARGET = 17.0;
				LOCALIZATION_PREFERS_STRING_CATALOGS = YES;
				MTL_ENABLE_DEBUG_INFO = INCLUDE_SOURCE;
				MTL_FAST_MATH = YES;
				ONLY_ACTIVE_ARCH = YES;
				SDKROOT = iphoneos;
				SWIFT_ACTIVE_COMPILATION_CONDITIONS = "DEBUG $(inherited)";
				SWIFT_OPTIMIZATION_LEVEL = "-Onone";
			};
			name = Debug;
		};
		2106ADBC2B92D6A200CDA462 /* Release */ = {
			isa = XCBuildConfiguration;
			buildSettings = {
				ALWAYS_SEARCH_USER_PATHS = NO;
				ASSETCATALOG_COMPILER_GENERATE_SWIFT_ASSET_SYMBOL_EXTENSIONS = YES;
				CLANG_ANALYZER_NONNULL = YES;
				CLANG_ANALYZER_NUMBER_OBJECT_CONVERSION = YES_AGGRESSIVE;
				CLANG_CXX_LANGUAGE_STANDARD = "gnu++20";
				CLANG_ENABLE_MODULES = YES;
				CLANG_ENABLE_OBJC_ARC = YES;
				CLANG_ENABLE_OBJC_WEAK = YES;
				CLANG_WARN_BLOCK_CAPTURE_AUTORELEASING = YES;
				CLANG_WARN_BOOL_CONVERSION = YES;
				CLANG_WARN_COMMA = YES;
				CLANG_WARN_CONSTANT_CONVERSION = YES;
				CLANG_WARN_DEPRECATED_OBJC_IMPLEMENTATIONS = YES;
				CLANG_WARN_DIRECT_OBJC_ISA_USAGE = YES_ERROR;
				CLANG_WARN_DOCUMENTATION_COMMENTS = YES;
				CLANG_WARN_EMPTY_BODY = YES;
				CLANG_WARN_ENUM_CONVERSION = YES;
				CLANG_WARN_INFINITE_RECURSION = YES;
				CLANG_WARN_INT_CONVERSION = YES;
				CLANG_WARN_NON_LITERAL_NULL_CONVERSION = YES;
				CLANG_WARN_OBJC_IMPLICIT_RETAIN_SELF = YES;
				CLANG_WARN_OBJC_LITERAL_CONVERSION = YES;
				CLANG_WARN_OBJC_ROOT_CLASS = YES_ERROR;
				CLANG_WARN_QUOTED_INCLUDE_IN_FRAMEWORK_HEADER = YES;
				CLANG_WARN_RANGE_LOOP_ANALYSIS = YES;
				CLANG_WARN_STRICT_PROTOTYPES = YES;
				CLANG_WARN_SUSPICIOUS_MOVE = YES;
				CLANG_WARN_UNGUARDED_AVAILABILITY = YES_AGGRESSIVE;
				CLANG_WARN_UNREACHABLE_CODE = YES;
				CLANG_WARN__DUPLICATE_METHOD_MATCH = YES;
				COPY_PHASE_STRIP = NO;
				DEBUG_INFORMATION_FORMAT = "dwarf-with-dsym";
				ENABLE_NS_ASSERTIONS = NO;
				ENABLE_STRICT_OBJC_MSGSEND = YES;
				ENABLE_USER_SCRIPT_SANDBOXING = YES;
				GCC_C_LANGUAGE_STANDARD = gnu17;
				GCC_NO_COMMON_BLOCKS = YES;
				GCC_WARN_64_TO_32_BIT_CONVERSION = YES;
				GCC_WARN_ABOUT_RETURN_TYPE = YES_ERROR;
				GCC_WARN_UNDECLARED_SELECTOR = YES;
				GCC_WARN_UNINITIALIZED_AUTOS = YES_AGGRESSIVE;
				GCC_WARN_UNUSED_FUNCTION = YES;
				GCC_WARN_UNUSED_VARIABLE = YES;
				IPHONEOS_DEPLOYMENT_TARGET = 17.0;
				LOCALIZATION_PREFERS_STRING_CATALOGS = YES;
				MTL_ENABLE_DEBUG_INFO = NO;
				MTL_FAST_MATH = YES;
				SDKROOT = iphoneos;
				SWIFT_COMPILATION_MODE = wholemodule;
				VALIDATE_PRODUCT = YES;
			};
			name = Release;
		};
		2106ADBE2B92D6A200CDA462 /* Debug */ = {
			isa = XCBuildConfiguration;
			buildSettings = {
				ASSETCATALOG_COMPILER_APPICON_NAME = AppIcon;
				ASSETCATALOG_COMPILER_GLOBAL_ACCENT_COLOR_NAME = AccentColor;
				CODE_SIGN_STYLE = Automatic;
				CURRENT_PROJECT_VERSION = 1;
				DEVELOPMENT_TEAM = 3XQ8HFGAQN;
				GENERATE_INFOPLIST_FILE = YES;
				INFOPLIST_FILE = PARD/Info.plist;
				INFOPLIST_KEY_UIApplicationSupportsIndirectInputEvents = YES;
				INFOPLIST_KEY_UILaunchStoryboardName = LaunchScreen;
				INFOPLIST_KEY_UIMainStoryboardFile = Main;
				INFOPLIST_KEY_UISupportedInterfaceOrientations_iPad = "UIInterfaceOrientationPortrait UIInterfaceOrientationPortraitUpsideDown UIInterfaceOrientationLandscapeLeft UIInterfaceOrientationLandscapeRight";
				INFOPLIST_KEY_UISupportedInterfaceOrientations_iPhone = "UIInterfaceOrientationPortrait UIInterfaceOrientationLandscapeLeft UIInterfaceOrientationLandscapeRight";
				LD_RUNPATH_SEARCH_PATHS = (
					"$(inherited)",
					"@executable_path/Frameworks",
				);
				MARKETING_VERSION = 1.0;
				PRODUCT_BUNDLE_IDENTIFIER = com.one.ram.PARD;
				PRODUCT_NAME = "$(TARGET_NAME)";
				SWIFT_EMIT_LOC_STRINGS = YES;
				SWIFT_VERSION = 5.0;
				TARGETED_DEVICE_FAMILY = "1,2";
			};
			name = Debug;
		};
		2106ADBF2B92D6A200CDA462 /* Release */ = {
			isa = XCBuildConfiguration;
			buildSettings = {
				ASSETCATALOG_COMPILER_APPICON_NAME = AppIcon;
				ASSETCATALOG_COMPILER_GLOBAL_ACCENT_COLOR_NAME = AccentColor;
				CODE_SIGN_STYLE = Automatic;
				CURRENT_PROJECT_VERSION = 1;
				DEVELOPMENT_TEAM = 3XQ8HFGAQN;
				GENERATE_INFOPLIST_FILE = YES;
				INFOPLIST_FILE = PARD/Info.plist;
				INFOPLIST_KEY_UIApplicationSupportsIndirectInputEvents = YES;
				INFOPLIST_KEY_UILaunchStoryboardName = LaunchScreen;
				INFOPLIST_KEY_UIMainStoryboardFile = Main;
				INFOPLIST_KEY_UISupportedInterfaceOrientations_iPad = "UIInterfaceOrientationPortrait UIInterfaceOrientationPortraitUpsideDown UIInterfaceOrientationLandscapeLeft UIInterfaceOrientationLandscapeRight";
				INFOPLIST_KEY_UISupportedInterfaceOrientations_iPhone = "UIInterfaceOrientationPortrait UIInterfaceOrientationLandscapeLeft UIInterfaceOrientationLandscapeRight";
				LD_RUNPATH_SEARCH_PATHS = (
					"$(inherited)",
					"@executable_path/Frameworks",
				);
				MARKETING_VERSION = 1.0;
				PRODUCT_BUNDLE_IDENTIFIER = com.one.ram.PARD;
				PRODUCT_NAME = "$(TARGET_NAME)";
				SWIFT_EMIT_LOC_STRINGS = YES;
				SWIFT_VERSION = 5.0;
				TARGETED_DEVICE_FAMILY = "1,2";
			};
			name = Release;
		};
/* End XCBuildConfiguration section */

/* Begin XCConfigurationList section */
		2106ADA42B92D6A000CDA462 /* Build configuration list for PBXProject "PARD" */ = {
			isa = XCConfigurationList;
			buildConfigurations = (
				2106ADBB2B92D6A200CDA462 /* Debug */,
				2106ADBC2B92D6A200CDA462 /* Release */,
			);
			defaultConfigurationIsVisible = 0;
			defaultConfigurationName = Release;
		};
		2106ADBD2B92D6A200CDA462 /* Build configuration list for PBXNativeTarget "PARD" */ = {
			isa = XCConfigurationList;
			buildConfigurations = (
				2106ADBE2B92D6A200CDA462 /* Debug */,
				2106ADBF2B92D6A200CDA462 /* Release */,
			);
			defaultConfigurationIsVisible = 0;
			defaultConfigurationName = Release;
		};
/* End XCConfigurationList section */

/* Begin XCRemoteSwiftPackageReference section */
		2176514F2B94738800121AB2 /* XCRemoteSwiftPackageReference "PARD_DesignSystem" */ = {
			isa = XCRemoteSwiftPackageReference;
			repositoryURL = "https://github.com/Club-PARD/PARD_DesignSystem.git";
			requirement = {
				branch = main;
				kind = branch;
			};
		};
/* End XCRemoteSwiftPackageReference section */

/* Begin XCSwiftPackageProductDependency section */
		217651502B94738800121AB2 /* PARD_DesignSystem */ = {
			isa = XCSwiftPackageProductDependency;
			package = 2176514F2B94738800121AB2 /* XCRemoteSwiftPackageReference "PARD_DesignSystem" */;
			productName = PARD_DesignSystem;
		};
/* End XCSwiftPackageProductDependency section */
	};
	rootObject = 2106ADA12B92D6A000CDA462 /* Project object */;
}
